// !$*UTF8*$!
{
	archiveVersion = 1;
	classes = {
	};
	objectVersion = 50;
	objects = {

/* Begin PBXBuildFile section */
		448CF4B9264A2BFB0060794C /* AppDelegate.m in Sources */ = {isa = PBXBuildFile; fileRef = 448CF4B8264A2BFB0060794C /* AppDelegate.m */; };
		448CF4BC264A2BFB0060794C /* SceneDelegate.m in Sources */ = {isa = PBXBuildFile; fileRef = 448CF4BB264A2BFB0060794C /* SceneDelegate.m */; };
		448CF4BF264A2BFB0060794C /* ViewController.m in Sources */ = {isa = PBXBuildFile; fileRef = 448CF4BE264A2BFB0060794C /* ViewController.m */; };
		448CF4C2264A2BFB0060794C /* Main.storyboard in Resources */ = {isa = PBXBuildFile; fileRef = 448CF4C0264A2BFB0060794C /* Main.storyboard */; };
		448CF4C4264A2BFF0060794C /* Assets.xcassets in Resources */ = {isa = PBXBuildFile; fileRef = 448CF4C3264A2BFF0060794C /* Assets.xcassets */; };
		448CF4C7264A2BFF0060794C /* LaunchScreen.storyboard in Resources */ = {isa = PBXBuildFile; fileRef = 448CF4C5264A2BFF0060794C /* LaunchScreen.storyboard */; };
		448CF4CA264A2BFF0060794C /* main.m in Sources */ = {isa = PBXBuildFile; fileRef = 448CF4C9264A2BFF0060794C /* main.m */; };
/* End PBXBuildFile section */

/* Begin PBXFileReference section */
		448CF4B4264A2BFB0060794C /* PROJECT.app */ = {isa = PBXFileReference; explicitFileType = wrapper.application; includeInIndex = 0; path = PROJECT.app; sourceTree = BUILT_PRODUCTS_DIR; };
		448CF4B7264A2BFB0060794C /* AppDelegate.h */ = {isa = PBXFileReference; lastKnownFileType = sourcecode.c.h; path = AppDelegate.h; sourceTree = "<group>"; };
		448CF4B8264A2BFB0060794C /* AppDelegate.m */ = {isa = PBXFileReference; lastKnownFileType = sourcecode.c.objc; path = AppDelegate.m; sourceTree = "<group>"; };
		448CF4BA264A2BFB0060794C /* SceneDelegate.h */ = {isa = PBXFileReference; lastKnownFileType = sourcecode.c.h; path = SceneDelegate.h; sourceTree = "<group>"; };
		448CF4BB264A2BFB0060794C /* SceneDelegate.m */ = {isa = PBXFileReference; lastKnownFileType = sourcecode.c.objc; path = SceneDelegate.m; sourceTree = "<group>"; };
		448CF4BD264A2BFB0060794C /* ViewController.h */ = {isa = PBXFileReference; lastKnownFileType = sourcecode.c.h; path = ViewController.h; sourceTree = "<group>"; };
		448CF4BE264A2BFB0060794C /* ViewController.m */ = {isa = PBXFileReference; lastKnownFileType = sourcecode.c.objc; path = ViewController.m; sourceTree = "<group>"; };
		448CF4C1264A2BFB0060794C /* Base */ = {isa = PBXFileReference; lastKnownFileType = file.storyboard; name = Base; path = Base.lproj/Main.storyboard; sourceTree = "<group>"; };
		448CF4C3264A2BFF0060794C /* Assets.xcassets */ = {isa = PBXFileReference; lastKnownFileType = folder.assetcatalog; path = Assets.xcassets; sourceTree = "<group>"; };
		448CF4C6264A2BFF0060794C /* Base */ = {isa = PBXFileReference; lastKnownFileType = file.storyboard; name = Base; path = Base.lproj/LaunchScreen.storyboard; sourceTree = "<group>"; };
		448CF4C8264A2BFF0060794C /* Info.plist */ = {isa = PBXFileReference; lastKnownFileType = text.plist.xml; path = Info.plist; sourceTree = "<group>"; };
		448CF4C9264A2BFF0060794C /* main.m */ = {isa = PBXFileReference; lastKnownFileType = sourcecode.c.objc; path = main.m; sourceTree = "<group>"; };
/* End PBXFileReference section */

/* Begin PBXFrameworksBuildPhase section */
		448CF4B1264A2BFB0060794C /* Frameworks */ = {
			isa = PBXFrameworksBuildPhase;
			buildActionMask = 2147483647;
			files = (
			);
			runOnlyForDeploymentPostprocessing = 0;
		};
/* End PBXFrameworksBuildPhase section */

/* Begin PBXGroup section */
		448CF4AB264A2BFB0060794C = {
			isa = PBXGroup;
			children = (
				448CF4B6264A2BFB0060794C /* PROJECT */,
				448CF4B5264A2BFB0060794C /* Products */,
			);
			sourceTree = "<group>";
		};
		448CF4B5264A2BFB0060794C /* Products */ = {
			isa = PBXGroup;
			children = (
				448CF4B4264A2BFB0060794C /* PROJECT.app */,
			);
			name = Products;
			sourceTree = "<group>";
		};
		448CF4B6264A2BFB0060794C /* PROJECT */ = {
			isa = PBXGroup;
			children = (
				448CF4B7264A2BFB0060794C /* AppDelegate.h */,
				448CF4B8264A2BFB0060794C /* AppDelegate.m */,
				448CF4BA264A2BFB0060794C /* SceneDelegate.h */,
				448CF4BB264A2BFB0060794C /* SceneDelegate.m */,
				448CF4BD264A2BFB0060794C /* ViewController.h */,
				448CF4BE264A2BFB0060794C /* ViewController.m */,
				448CF4C0264A2BFB0060794C /* Main.storyboard */,
				448CF4C3264A2BFF0060794C /* Assets.xcassets */,
				448CF4C5264A2BFF0060794C /* LaunchScreen.storyboard */,
				448CF4C8264A2BFF0060794C /* Info.plist */,
				448CF4C9264A2BFF0060794C /* main.m */,
			);
			path = PROJECT;
			sourceTree = "<group>";
		};
/* End PBXGroup section */

/* Begin PBXNativeTarget section */
		448CF4B3264A2BFB0060794C /* PROJECT */ = {
			isa = PBXNativeTarget;
			buildConfigurationList = 448CF4CD264A2BFF0060794C /* Build configuration list for PBXNativeTarget "PROJECT" */;
			buildPhases = (
				448CF4B0264A2BFB0060794C /* Sources */,
				448CF4B1264A2BFB0060794C /* Frameworks */,
				448CF4B2264A2BFB0060794C /* Resources */,
			);
			buildRules = (
			);
			dependencies = (
			);
			name = PROJECT;
			productName = PROJECT;
			productReference = 448CF4B4264A2BFB0060794C /* PROJECT.app */;
			productType = "com.apple.product-type.application";
		};
/* End PBXNativeTarget section */

/* Begin PBXProject section */
		448CF4AC264A2BFB0060794C /* Project object */ = {
			isa = PBXProject;
			attributes = {
				LastUpgradeCheck = 1250;
				TargetAttributes = {
					448CF4B3264A2BFB0060794C = {
						CreatedOnToolsVersion = 12.5;
					};
				};
			};
			buildConfigurationList = 448CF4AF264A2BFB0060794C /* Build configuration list for PBXProject "PROJECT" */;
			compatibilityVersion = "Xcode 9.3";
			developmentRegion = en;
			hasScannedForEncodings = 0;
			knownRegions = (
				en,
				Base,
			);
			mainGroup = 448CF4AB264A2BFB0060794C;
			productRefGroup = 448CF4B5264A2BFB0060794C /* Products */;
			projectDirPath = "";
			projectRoot = "";
			targets = (
				448CF4B3264A2BFB0060794C /* PROJECT */,
			);
		};
/* End PBXProject section */

/* Begin PBXResourcesBuildPhase section */
		448CF4B2264A2BFB0060794C /* Resources */ = {
			isa = PBXResourcesBuildPhase;
			buildActionMask = 2147483647;
			files = (
				448CF4C7264A2BFF0060794C /* LaunchScreen.storyboard in Resources */,
				448CF4C4264A2BFF0060794C /* Assets.xcassets in Resources */,
				448CF4C2264A2BFB0060794C /* Main.storyboard in Resources */,
			);
			runOnlyForDeploymentPostprocessing = 0;
		};
/* End PBXResourcesBuildPhase section */

/* Begin PBXSourcesBuildPhase section */
		448CF4B0264A2BFB0060794C /* Sources */ = {
			isa = PBXSourcesBuildPhase;
			buildActionMask = 2147483647;
			files = (
				448CF4BF264A2BFB0060794C /* ViewController.m in Sources */,
				448CF4B9264A2BFB0060794C /* AppDelegate.m in Sources */,
				448CF4CA264A2BFF0060794C /* main.m in Sources */,
				448CF4BC264A2BFB0060794C /* SceneDelegate.m in Sources */,
			);
			runOnlyForDeploymentPostprocessing = 0;
		};
/* End PBXSourcesBuildPhase section */

/* Begin PBXVariantGroup section */
		448CF4C0264A2BFB0060794C /* Main.storyboard */ = {
			isa = PBXVariantGroup;
			children = (
				448CF4C1264A2BFB0060794C /* Base */,
			);
			name = Main.storyboard;
			sourceTree = "<group>";
		};
		448CF4C5264A2BFF0060794C /* LaunchScreen.storyboard */ = {
			isa = PBXVariantGroup;
			children = (
				448CF4C6264A2BFF0060794C /* Base */,
			);
			name = LaunchScreen.storyboard;
			sourceTree = "<group>";
		};
/* End PBXVariantGroup section */

/* Begin XCBuildConfiguration section */
		448CF4CB264A2BFF0060794C /* Debug */ = {
			isa = XCBuildConfiguration;
			buildSettings = {
				ALWAYS_SEARCH_USER_PATHS = NO;
				CLANG_ANALYZER_NONNULL = YES;
				CLANG_ANALYZER_NUMBER_OBJECT_CONVERSION = YES_AGGRESSIVE;
				CLANG_CXX_LANGUAGE_STANDARD = "gnu++14";
				CLANG_CXX_LIBRARY = "libc++";
				CLANG_ENABLE_MODULES = YES;
				CLANG_ENABLE_OBJC_ARC = YES;
				CLANG_ENABLE_OBJC_WEAK = YES;
				CLANG_WARN_BLOCK_CAPTURE_AUTORELEASING = YES;
				CLANG_WARN_BOOL_CONVERSION = YES;
				CLANG_WARN_COMMA = YES;
				CLANG_WARN_CONSTANT_CONVERSION = YES;
				CLANG_WARN_DEPRECATED_OBJC_IMPLEMENTATIONS = YES;
				CLANG_WARN_DIRECT_OBJC_ISA_USAGE = YES_ERROR;
				CLANG_WARN_DOCUMENTATION_COMMENTS = YES;
				CLANG_WARN_EMPTY_BODY = YES;
				CLANG_WARN_ENUM_CONVERSION = YES;
				CLANG_WARN_INFINITE_RECURSION = YES;
				CLANG_WARN_INT_CONVERSION = YES;
				CLANG_WARN_NON_LITERAL_NULL_CONVERSION = YES;
				CLANG_WARN_OBJC_IMPLICIT_RETAIN_SELF = YES;
				CLANG_WARN_OBJC_LITERAL_CONVERSION = YES;
				CLANG_WARN_OBJC_ROOT_CLASS = YES_ERROR;
				CLANG_WARN_QUOTED_INCLUDE_IN_FRAMEWORK_HEADER = YES;
				CLANG_WARN_RANGE_LOOP_ANALYSIS = YES;
				CLANG_WARN_STRICT_PROTOTYPES = YES;
				CLANG_WARN_SUSPICIOUS_MOVE = YES;
				CLANG_WARN_UNGUARDED_AVAILABILITY = YES_AGGRESSIVE;
				CLANG_WARN_UNREACHABLE_CODE = YES;
				CLANG_WARN__DUPLICATE_METHOD_MATCH = YES;
				COPY_PHASE_STRIP = NO;
				DEBUG_INFORMATION_FORMAT = dwarf;
				ENABLE_STRICT_OBJC_MSGSEND = YES;
				ENABLE_TESTABILITY = YES;
				GCC_C_LANGUAGE_STANDARD = gnu11;
				GCC_DYNAMIC_NO_PIC = NO;
				GCC_NO_COMMON_BLOCKS = YES;
				GCC_OPTIMIZATION_LEVEL = 0;
				GCC_PREPROCESSOR_DEFINITIONS = (
					"DEBUG=1",
					"$(inherited)",
				);
				GCC_WARN_64_TO_32_BIT_CONVERSION = YES;
				GCC_WARN_ABOUT_RETURN_TYPE = YES_ERROR;
				GCC_WARN_UNDECLARED_SELECTOR = YES;
				GCC_WARN_UNINITIALIZED_AUTOS = YES_AGGRESSIVE;
				GCC_WARN_UNUSED_FUNCTION = YES;
				GCC_WARN_UNUSED_VARIABLE = YES;
				IPHONEOS_DEPLOYMENT_TARGET = 14.5;
				MTL_ENABLE_DEBUG_INFO = INCLUDE_SOURCE;
				MTL_FAST_MATH = YES;
				ONLY_ACTIVE_ARCH = YES;
				SDKROOT = iphoneos;
			};
			name = Debug;
		};
		448CF4CC264A2BFF0060794C /* Release */ = {
			isa = XCBuildConfiguration;
			buildSettings = {
				ALWAYS_SEARCH_USER_PATHS = NO;
				CLANG_ANALYZER_NONNULL = YES;
				CLANG_ANALYZER_NUMBER_OBJECT_CONVERSION = YES_AGGRESSIVE;
				CLANG_CXX_LANGUAGE_STANDARD = "gnu++14";
				CLANG_CXX_LIBRARY = "libc++";
				CLANG_ENABLE_MODULES = YES;
				CLANG_ENABLE_OBJC_ARC = YES;
				CLANG_ENABLE_OBJC_WEAK = YES;
				CLANG_WARN_BLOCK_CAPTURE_AUTORELEASING = YES;
				CLANG_WARN_BOOL_CONVERSION = YES;
				CLANG_WARN_COMMA = YES;
				CLANG_WARN_CONSTANT_CONVERSION = YES;
				CLANG_WARN_DEPRECATED_OBJC_IMPLEMENTATIONS = YES;
				CLANG_WARN_DIRECT_OBJC_ISA_USAGE = YES_ERROR;
				CLANG_WARN_DOCUMENTATION_COMMENTS = YES;
				CLANG_WARN_EMPTY_BODY = YES;
				CLANG_WARN_ENUM_CONVERSION = YES;
				CLANG_WARN_INFINITE_RECURSION = YES;
				CLANG_WARN_INT_CONVERSION = YES;
				CLANG_WARN_NON_LITERAL_NULL_CONVERSION = YES;
				CLANG_WARN_OBJC_IMPLICIT_RETAIN_SELF = YES;
				CLANG_WARN_OBJC_LITERAL_CONVERSION = YES;
				CLANG_WARN_OBJC_ROOT_CLASS = YES_ERROR;
				CLANG_WARN_QUOTED_INCLUDE_IN_FRAMEWORK_HEADER = YES;
				CLANG_WARN_RANGE_LOOP_ANALYSIS = YES;
				CLANG_WARN_STRICT_PROTOTYPES = YES;
				CLANG_WARN_SUSPICIOUS_MOVE = YES;
				CLANG_WARN_UNGUARDED_AVAILABILITY = YES_AGGRESSIVE;
				CLANG_WARN_UNREACHABLE_CODE = YES;
				CLANG_WARN__DUPLICATE_METHOD_MATCH = YES;
				COPY_PHASE_STRIP = NO;
				DEBUG_INFORMATION_FORMAT = "dwarf-with-dsym";
				ENABLE_NS_ASSERTIONS = NO;
				ENABLE_STRICT_OBJC_MSGSEND = YES;
				GCC_C_LANGUAGE_STANDARD = gnu11;
				GCC_NO_COMMON_BLOCKS = YES;
				GCC_WARN_64_TO_32_BIT_CONVERSION = YES;
				GCC_WARN_ABOUT_RETURN_TYPE = YES_ERROR;
				GCC_WARN_UNDECLARED_SELECTOR = YES;
				GCC_WARN_UNINITIALIZED_AUTOS = YES_AGGRESSIVE;
				GCC_WARN_UNUSED_FUNCTION = YES;
				GCC_WARN_UNUSED_VARIABLE = YES;
				IPHONEOS_DEPLOYMENT_TARGET = 14.5;
				MTL_ENABLE_DEBUG_INFO = NO;
				MTL_FAST_MATH = YES;
				SDKROOT = iphoneos;
				VALIDATE_PRODUCT = YES;
			};
			name = Release;
		};
		448CF4CE264A2BFF0060794C /* Debug */ = {
			isa = XCBuildConfiguration;
			buildSettings = {
				ASSETCATALOG_COMPILER_APPICON_NAME = AppIcon;
				ASSETCATALOG_COMPILER_GLOBAL_ACCENT_COLOR_NAME = AccentColor;
				CODE_SIGN_STYLE = Automatic;
				INFOPLIST_FILE = PROJECT/Info.plist;
				LD_RUNPATH_SEARCH_PATHS = (
					"$(inherited)",
					"@executable_path/Frameworks",
				);
				PRODUCT_BUNDLE_IDENTIFIER = org.cocoapods.demo.PROJECT;
				PRODUCT_NAME = "$(TARGET_NAME)";
				TARGETED_DEVICE_FAMILY = "1,2";
			};
			name = Debug;
		};
		448CF4CF264A2BFF0060794C /* Release */ = {
			isa = XCBuildConfiguration;
			buildSettings = {
				ASSETCATALOG_COMPILER_APPICON_NAME = AppIcon;
				ASSETCATALOG_COMPILER_GLOBAL_ACCENT_COLOR_NAME = AccentColor;
				CODE_SIGN_STYLE = Automatic;
				INFOPLIST_FILE = PROJECT/Info.plist;
				LD_RUNPATH_SEARCH_PATHS = (
					"$(inherited)",
					"@executable_path/Frameworks",
				);
				PRODUCT_BUNDLE_IDENTIFIER = org.cocoapods.demo.PROJECT;
				PRODUCT_NAME = "$(TARGET_NAME)";
				TARGETED_DEVICE_FAMILY = "1,2";
			};
			name = Release;
		};
/* End XCBuildConfiguration section */

/* Begin XCConfigurationList section */
		448CF4AF264A2BFB0060794C /* Build configuration list for PBXProject "PROJECT" */ = {
			isa = XCConfigurationList;
			buildConfigurations = (
				448CF4CB264A2BFF0060794C /* Debug */,
				448CF4CC264A2BFF0060794C /* Release */,
			);
			defaultConfigurationIsVisible = 0;
			defaultConfigurationName = Release;
		};
		448CF4CD264A2BFF0060794C /* Build configuration list for PBXNativeTarget "PROJECT" */ = {
			isa = XCConfigurationList;
			buildConfigurations = (
				448CF4CE264A2BFF0060794C /* Debug */,
				448CF4CF264A2BFF0060794C /* Release */,
			);
			defaultConfigurationIsVisible = 0;
			defaultConfigurationName = Release;
		};
/* End XCConfigurationList section */
	};
	rootObject = 448CF4AC264A2BFB0060794C /* Project object */;
}
